
Microsoft Visual Studio Solution File, Format Version 12.00
# Visual Studio Version 17
VisualStudioVersion = 17.6.33815.320
MinimumVisualStudioVersion = 10.0.40219.1
Project("{9A19103F-16F7-4668-BE54-9A1E7A4F7556}") = "InlineASM", "InlineASM\InlineASM.csproj", "{5E594E77-30C4-4A27-9C61-BD33874FBACA}"
EndProject
Global
	GlobalSection(SolutionConfigurationPlatforms) = preSolution
		Debug|Any CPU = Debug|Any CPU
		Debug|x64 = Debug|x64
		Release|Any CPU = Release|Any CPU
		Release|x64 = Release|x64
	EndGlobalSection
	GlobalSection(ProjectConfigurationPlatforms) = postSolution
		{5E594E77-30C4-4A27-9C61-BD33874FBACA}.Debug|Any CPU.ActiveCfg = Debug|Any CPU
		{5E594E77-30C4-4A27-9C61-BD33874FBACA}.Debug|Any CPU.Build.0 = Debug|Any CPU
		{5E594E77-30C4-4A27-9C61-BD33874FBACA}.Debug|x64.ActiveCfg = Debug|x64
		{5E594E77-30C4-4A27-9C61-BD33874FBACA}.Debug|x64.Build.0 = Debug|x64
		{5E594E77-30C4-4A27-9C61-BD33874FBACA}.Release|Any CPU.ActiveCfg = Release|Any CPU
		{5E594E77-30C4-4A27-9C61-BD33874FBACA}.Release|Any CPU.Build.0 = Release|Any CPU
		{5E594E77-30C4-4A27-9C61-BD33874FBACA}.Release|x64.ActiveCfg = Release|x64
		{5E594E77-30C4-4A27-9C61-BD33874FBACA}.Release|x64.Build.0 = Release|x64
	EndGlobalSection
	GlobalSection(SolutionProperties) = preSolution
		HideSolutionNode = FALSE
	EndGlobalSection
	GlobalSection(ExtensibilityGlobals) = postSolution
		SolutionGuid = {546F3195-9196-448B-84A5-6F4A0CB182F8}
	EndGlobalSection
EndGlobal
